
Microsoft Visual Studio Solution File, Format Version 12.00
# Visual Studio Version 17
VisualStudioVersion = 17.14.37111.16
MinimumVisualStudioVersion = 10.0.40219.1
Project("{FAE04EC0-301F-11D3-BF4B-00C04F79EFBC}") = "Dominio", "Dominio\Dominio.csproj", "{C590E416-A08F-405A-B183-496F19CB2FBC}"
EndProject
Project("{FAE04EC0-301F-11D3-BF4B-00C04F79EFBC}") = "Negocio", "Negocio\Negocio.csproj", "{932C7558-F762-46C9-BEA1-FEA92615BF46}"
EndProject
Project("{FAE04EC0-301F-11D3-BF4B-00C04F79EFBC}") = "WinFormsApp", "WinFormsApp\WinFormsApp.csproj", "{C92E049C-A0F8-4B7A-8577-A0AFFC7835B2}"
EndProject
Project("{FAE04EC0-301F-11D3-BF4B-00C04F79EFBC}") = "Acceso Datos", "Acceso Datos\Acceso Datos.csproj", "{A79B15A5-C493-49EA-A78D-2F465940B6DC}"
EndProject
Global
	GlobalSection(SolutionConfigurationPlatforms) = preSolution
		Debug|Any CPU = Debug|Any CPU
		Debug|x64 = Debug|x64
		Debug|x86 = Debug|x86
		Release|Any CPU = Release|Any CPU
		Release|x64 = Release|x64
		Release|x86 = Release|x86
	EndGlobalSection
	GlobalSection(ProjectConfigurationPlatforms) = postSolution
		{C590E416-A08F-405A-B183-496F19CB2FBC}.Debug|Any CPU.ActiveCfg = Debug|Any CPU
		{C590E416-A08F-405A-B183-496F19CB2FBC}.Debug|Any CPU.Build.0 = Debug|Any CPU
		{C590E416-A08F-405A-B183-496F19CB2FBC}.Debug|x64.ActiveCfg = Debug|Any CPU
		{C590E416-A08F-405A-B183-496F19CB2FBC}.Debug|x64.Build.0 = Debug|Any CPU
		{C590E416-A08F-405A-B183-496F19CB2FBC}.Debug|x86.ActiveCfg = Debug|Any CPU
		{C590E416-A08F-405A-B183-496F19CB2FBC}.Debug|x86.Build.0 = Debug|Any CPU
		{C590E416-A08F-405A-B183-496F19CB2FBC}.Release|Any CPU.ActiveCfg = Release|Any CPU
		{C590E416-A08F-405A-B183-496F19CB2FBC}.Release|Any CPU.Build.0 = Release|Any CPU
		{C590E416-A08F-405A-B183-496F19CB2FBC}.Release|x64.ActiveCfg = Release|Any CPU
		{C590E416-A08F-405A-B183-496F19CB2FBC}.Release|x64.Build.0 = Release|Any CPU
		{C590E416-A08F-405A-B183-496F19CB2FBC}.Release|x86.ActiveCfg = Release|Any CPU
		{C590E416-A08F-405A-B183-496F19CB2FBC}.Release|x86.Build.0 = Release|Any CPU
		{932C7558-F762-46C9-BEA1-FEA92615BF46}.Debug|Any CPU.ActiveCfg = Debug|Any CPU
		{932C7558-F762-46C9-BEA1-FEA92615BF46}.Debug|Any CPU.Build.0 = Debug|Any CPU
		{932C7558-F762-46C9-BEA1-FEA92615BF46}.Debug|x64.ActiveCfg = Debug|Any CPU
		{932C7558-F762-46C9-BEA1-FEA92615BF46}.Debug|x64.Build.0 = Debug|Any CPU
		{932C7558-F762-46C9-BEA1-FEA92615BF46}.Debug|x86.ActiveCfg = Debug|Any CPU
		{932C7558-F762-46C9-BEA1-FEA92615BF46}.Debug|x86.Build.0 = Debug|Any CPU
		{932C7558-F762-46C9-BEA1-FEA92615BF46}.Release|Any CPU.ActiveCfg = Release|Any CPU
		{932C7558-F762-46C9-BEA1-FEA92615BF46}.Release|Any CPU.Build.0 = Release|Any CPU
		{932C7558-F762-46C9-BEA1-FEA92615BF46}.Release|x64.ActiveCfg = Release|Any CPU
		{932C7558-F762-46C9-BEA1-FEA92615BF46}.Release|x64.Build.0 = Release|Any CPU
		{932C7558-F762-46C9-BEA1-FEA92615BF46}.Release|x86.ActiveCfg = Release|Any CPU
		{932C7558-F762-46C9-BEA1-FEA92615BF46}.Release|x86.Build.0 = Release|Any CPU
		{C92E049C-A0F8-4B7A-8577-A0AFFC7835B2}.Debug|Any CPU.ActiveCfg = Debug|Any CPU
		{C92E049C-A0F8-4B7A-8577-A0AFFC7835B2}.Debug|Any CPU.Build.0 = Debug|Any CPU
		{C92E049C-A0F8-4B7A-8577-A0AFFC7835B2}.Debug|x64.ActiveCfg = Debug|Any CPU
		{C92E049C-A0F8-4B7A-8577-A0AFFC7835B2}.Debug|x64.Build.0 = Debug|Any CPU
		{C92E049C-A0F8-4B7A-8577-A0AFFC7835B2}.Debug|x86.ActiveCfg = Debug|Any CPU
		{C92E049C-A0F8-4B7A-8577-A0AFFC7835B2}.Debug|x86.Build.0 = Debug|Any CPU
		{C92E049C-A0F8-4B7A-8577-A0AFFC7835B2}.Release|Any CPU.ActiveCfg = Release|Any CPU
		{C92E049C-A0F8-4B7A-8577-A0AFFC7835B2}.Release|Any CPU.Build.0 = Release|Any CPU
		{C92E049C-A0F8-4B7A-8577-A0AFFC7835B2}.Release|x64.ActiveCfg = Release|Any CPU
		{C92E049C-A0F8-4B7A-8577-A0AFFC7835B2}.Release|x64.Build.0 = Release|Any CPU
		{C92E049C-A0F8-4B7A-8577-A0AFFC7835B2}.Release|x86.ActiveCfg = Release|Any CPU
		{C92E049C-A0F8-4B7A-8577-A0AFFC7835B2}.Release|x86.Build.0 = Release|Any CPU
		{A79B15A5-C493-49EA-A78D-2F465940B6DC}.Debug|Any CPU.ActiveCfg = Debug|Any CPU
		{A79B15A5-C493-49EA-A78D-2F465940B6DC}.Debug|Any CPU.Build.0 = Debug|Any CPU
		{A79B15A5-C493-49EA-A78D-2F465940B6DC}.Debug|x64.ActiveCfg = Debug|Any CPU
		{A79B15A5-C493-49EA-A78D-2F465940B6DC}.Debug|x64.Build.0 = Debug|Any CPU
		{A79B15A5-C493-49EA-A78D-2F465940B6DC}.Debug|x86.ActiveCfg = Debug|Any CPU
		{A79B15A5-C493-49EA-A78D-2F465940B6DC}.Debug|x86.Build.0 = Debug|Any CPU
		{A79B15A5-C493-49EA-A78D-2F465940B6DC}.Release|Any CPU.ActiveCfg = Release|Any CPU
		{A79B15A5-C493-49EA-A78D-2F465940B6DC}.Release|Any CPU.Build.0 = Release|Any CPU
		{A79B15A5-C493-49EA-A78D-2F465940B6DC}.Release|x64.ActiveCfg = Release|Any CPU
		{A79B15A5-C493-49EA-A78D-2F465940B6DC}.Release|x64.Build.0 = Release|Any CPU
		{A79B15A5-C493-49EA-A78D-2F465940B6DC}.Release|x86.ActiveCfg = Release|Any CPU
		{A79B15A5-C493-49EA-A78D-2F465940B6DC}.Release|x86.Build.0 = Release|Any CPU
	EndGlobalSection
	GlobalSection(SolutionProperties) = preSolution
		HideSolutionNode = FALSE
	EndGlobalSection
	GlobalSection(ExtensibilityGlobals) = postSolution
		SolutionGuid = {0FDC9453-9991-4C54-A430-1D76E65ABC4A}
	EndGlobalSection
EndGlobal
